// !$*UTF8*$!
{
	archiveVersion = 1;
	classes = {
	};
	objectVersion = 46;
	objects = {

/* Begin PBXBuildFile section */
		3AA3969E1AF8B7AD002FAE2D /* AppDelegate.swift in Sources */ = {isa = PBXBuildFile; fileRef = 3AA3969D1AF8B7AD002FAE2D /* AppDelegate.swift */; };
		3AA396A31AF8B7AD002FAE2D /* Main.storyboard in Resources */ = {isa = PBXBuildFile; fileRef = 3AA396A11AF8B7AD002FAE2D /* Main.storyboard */; };
		3AA396A51AF8B7AD002FAE2D /* Images.xcassets in Resources */ = {isa = PBXBuildFile; fileRef = 3AA396A41AF8B7AD002FAE2D /* Images.xcassets */; };
		3AA396A81AF8B7AD002FAE2D /* LaunchScreen.xib in Resources */ = {isa = PBXBuildFile; fileRef = 3AA396A61AF8B7AD002FAE2D /* LaunchScreen.xib */; };
		3AA396B41AF8B7AD002FAE2D /* DANetworkingTests.swift in Sources */ = {isa = PBXBuildFile; fileRef = 3AA396B31AF8B7AD002FAE2D /* DANetworkingTests.swift */; };
		3AA396BF1AF8B8AA002FAE2D /* Service.swift in Sources */ = {isa = PBXBuildFile; fileRef = 3AA396BE1AF8B8AA002FAE2D /* Service.swift */; };
		3AA396C11AF8B8E4002FAE2D /* ServiceConstants.swift in Sources */ = {isa = PBXBuildFile; fileRef = 3AA396C01AF8B8E4002FAE2D /* ServiceConstants.swift */; };
		3AA396C31AF8BEF9002FAE2D /* ServiceConvenience.swift in Sources */ = {isa = PBXBuildFile; fileRef = 3AA396C21AF8BEF9002FAE2D /* ServiceConvenience.swift */; };
		3AA396C51AF8C6A1002FAE2D /* ServiceTests.swift in Sources */ = {isa = PBXBuildFile; fileRef = 3AA396C41AF8C6A1002FAE2D /* ServiceTests.swift */; };
		3AA396C61AF8C6B9002FAE2D /* Service.swift in Sources */ = {isa = PBXBuildFile; fileRef = 3AA396BE1AF8B8AA002FAE2D /* Service.swift */; };
		3AA396C71AF8C6BB002FAE2D /* ServiceConstants.swift in Sources */ = {isa = PBXBuildFile; fileRef = 3AA396C01AF8B8E4002FAE2D /* ServiceConstants.swift */; };
		3AA396C81AF8C6BF002FAE2D /* ServiceConvenience.swift in Sources */ = {isa = PBXBuildFile; fileRef = 3AA396C21AF8BEF9002FAE2D /* ServiceConvenience.swift */; };
		3AA396CC1AF8D807002FAE2D /* User.swift in Sources */ = {isa = PBXBuildFile; fileRef = 3AA396CB1AF8D807002FAE2D /* User.swift */; };
		3AA396CD1AF8DAE8002FAE2D /* User.swift in Sources */ = {isa = PBXBuildFile; fileRef = 3AA396CB1AF8D807002FAE2D /* User.swift */; };
		3AA396CF1AF8E928002FAE2D /* Room.swift in Sources */ = {isa = PBXBuildFile; fileRef = 3AA396CE1AF8E928002FAE2D /* Room.swift */; };
		3AA396D01AF8EA43002FAE2D /* Room.swift in Sources */ = {isa = PBXBuildFile; fileRef = 3AA396CE1AF8E928002FAE2D /* Room.swift */; };
		3AA396D51AF8ED48002FAE2D /* LoginViewController.swift in Sources */ = {isa = PBXBuildFile; fileRef = 3AA396D41AF8ED48002FAE2D /* LoginViewController.swift */; };
		3AA396DB1AF92385002FAE2D /* GroupViewController.swift in Sources */ = {isa = PBXBuildFile; fileRef = 3AA396DA1AF92385002FAE2D /* GroupViewController.swift */; };
		3AA396DD1AF923C4002FAE2D /* UIViewControllerTransitions.swift in Sources */ = {isa = PBXBuildFile; fileRef = 3AA396DC1AF923C4002FAE2D /* UIViewControllerTransitions.swift */; };
		3AA396DF1AF92E43002FAE2D /* RoomViewController.swift in Sources */ = {isa = PBXBuildFile; fileRef = 3AA396DE1AF92E43002FAE2D /* RoomViewController.swift */; };
/* End PBXBuildFile section */

/* Begin PBXContainerItemProxy section */
		3AA396AE1AF8B7AD002FAE2D /* PBXContainerItemProxy */ = {
			isa = PBXContainerItemProxy;
			containerPortal = 3AA396901AF8B7AD002FAE2D /* Project object */;
			proxyType = 1;
			remoteGlobalIDString = 3AA396971AF8B7AD002FAE2D;
			remoteInfo = DANetworking;
		};
/* End PBXContainerItemProxy section */

/* Begin PBXFileReference section */
		3AA396981AF8B7AD002FAE2D /* DANetworking.app */ = {isa = PBXFileReference; explicitFileType = wrapper.application; includeInIndex = 0; path = DANetworking.app; sourceTree = BUILT_PRODUCTS_DIR; };
		3AA3969C1AF8B7AD002FAE2D /* Info.plist */ = {isa = PBXFileReference; lastKnownFileType = text.plist.xml; path = Info.plist; sourceTree = "<group>"; };
		3AA3969D1AF8B7AD002FAE2D /* AppDelegate.swift */ = {isa = PBXFileReference; lastKnownFileType = sourcecode.swift; path = AppDelegate.swift; sourceTree = "<group>"; };
		3AA396A21AF8B7AD002FAE2D /* Base */ = {isa = PBXFileReference; lastKnownFileType = file.storyboard; name = Base; path = Base.lproj/Main.storyboard; sourceTree = "<group>"; };
		3AA396A41AF8B7AD002FAE2D /* Images.xcassets */ = {isa = PBXFileReference; lastKnownFileType = folder.assetcatalog; path = Images.xcassets; sourceTree = "<group>"; };
		3AA396A71AF8B7AD002FAE2D /* Base */ = {isa = PBXFileReference; lastKnownFileType = file.xib; name = Base; path = Base.lproj/LaunchScreen.xib; sourceTree = "<group>"; };
		3AA396AD1AF8B7AD002FAE2D /* DANetworkingTests.xctest */ = {isa = PBXFileReference; explicitFileType = wrapper.cfbundle; includeInIndex = 0; path = DANetworkingTests.xctest; sourceTree = BUILT_PRODUCTS_DIR; };
		3AA396B21AF8B7AD002FAE2D /* Info.plist */ = {isa = PBXFileReference; lastKnownFileType = text.plist.xml; path = Info.plist; sourceTree = "<group>"; };
		3AA396B31AF8B7AD002FAE2D /* DANetworkingTests.swift */ = {isa = PBXFileReference; lastKnownFileType = sourcecode.swift; path = DANetworkingTests.swift; sourceTree = "<group>"; };
		3AA396BE1AF8B8AA002FAE2D /* Service.swift */ = {isa = PBXFileReference; fileEncoding = 4; lastKnownFileType = sourcecode.swift; path = Service.swift; sourceTree = "<group>"; };
		3AA396C01AF8B8E4002FAE2D /* ServiceConstants.swift */ = {isa = PBXFileReference; fileEncoding = 4; lastKnownFileType = sourcecode.swift; path = ServiceConstants.swift; sourceTree = "<group>"; };
		3AA396C21AF8BEF9002FAE2D /* ServiceConvenience.swift */ = {isa = PBXFileReference; fileEncoding = 4; lastKnownFileType = sourcecode.swift; path = ServiceConvenience.swift; sourceTree = "<group>"; };
		3AA396C41AF8C6A1002FAE2D /* ServiceTests.swift */ = {isa = PBXFileReference; fileEncoding = 4; lastKnownFileType = sourcecode.swift; path = ServiceTests.swift; sourceTree = "<group>"; };
		3AA396CB1AF8D807002FAE2D /* User.swift */ = {isa = PBXFileReference; fileEncoding = 4; lastKnownFileType = sourcecode.swift; path = User.swift; sourceTree = "<group>"; };
		3AA396CE1AF8E928002FAE2D /* Room.swift */ = {isa = PBXFileReference; fileEncoding = 4; lastKnownFileType = sourcecode.swift; path = Room.swift; sourceTree = "<group>"; };
		3AA396D41AF8ED48002FAE2D /* LoginViewController.swift */ = {isa = PBXFileReference; fileEncoding = 4; lastKnownFileType = sourcecode.swift; path = LoginViewController.swift; sourceTree = "<group>"; };
		3AA396DA1AF92385002FAE2D /* GroupViewController.swift */ = {isa = PBXFileReference; fileEncoding = 4; lastKnownFileType = sourcecode.swift; path = GroupViewController.swift; sourceTree = "<group>"; };
		3AA396DC1AF923C4002FAE2D /* UIViewControllerTransitions.swift */ = {isa = PBXFileReference; fileEncoding = 4; lastKnownFileType = sourcecode.swift; path = UIViewControllerTransitions.swift; sourceTree = "<group>"; };
		3AA396DE1AF92E43002FAE2D /* RoomViewController.swift */ = {isa = PBXFileReference; fileEncoding = 4; lastKnownFileType = sourcecode.swift; path = RoomViewController.swift; sourceTree = "<group>"; };
/* End PBXFileReference section */

/* Begin PBXFrameworksBuildPhase section */
		3AA396951AF8B7AD002FAE2D /* Frameworks */ = {
			isa = PBXFrameworksBuildPhase;
			buildActionMask = 2147483647;
			files = (
			);
			runOnlyForDeploymentPostprocessing = 0;
		};
		3AA396AA1AF8B7AD002FAE2D /* Frameworks */ = {
			isa = PBXFrameworksBuildPhase;
			buildActionMask = 2147483647;
			files = (
			);
			runOnlyForDeploymentPostprocessing = 0;
		};
/* End PBXFrameworksBuildPhase section */

/* Begin PBXGroup section */
		3AA3968F1AF8B7AD002FAE2D = {
			isa = PBXGroup;
			children = (
				3AA3969A1AF8B7AD002FAE2D /* DANetworking */,
				3AA396B01AF8B7AD002FAE2D /* DANetworkingTests */,
				3AA396991AF8B7AD002FAE2D /* Products */,
			);
			sourceTree = "<group>";
		};
		3AA396991AF8B7AD002FAE2D /* Products */ = {
			isa = PBXGroup;
			children = (
				3AA396981AF8B7AD002FAE2D /* DANetworking.app */,
				3AA396AD1AF8B7AD002FAE2D /* DANetworkingTests.xctest */,
			);
			name = Products;
			sourceTree = "<group>";
		};
		3AA3969A1AF8B7AD002FAE2D /* DANetworking */ = {
			isa = PBXGroup;
			children = (
				3AA396D11AF8ED12002FAE2D /* Controller */,
				3AA396BD1AF8B897002FAE2D /* Model */,
				3AA3969D1AF8B7AD002FAE2D /* AppDelegate.swift */,
				3AA396A11AF8B7AD002FAE2D /* Main.storyboard */,
				3AA396A41AF8B7AD002FAE2D /* Images.xcassets */,
				3AA396A61AF8B7AD002FAE2D /* LaunchScreen.xib */,
				3AA3969B1AF8B7AD002FAE2D /* Supporting Files */,
			);
			path = DANetworking;
			sourceTree = "<group>";
		};
		3AA3969B1AF8B7AD002FAE2D /* Supporting Files */ = {
			isa = PBXGroup;
			children = (
				3AA3969C1AF8B7AD002FAE2D /* Info.plist */,
			);
			name = "Supporting Files";
			sourceTree = "<group>";
		};
		3AA396B01AF8B7AD002FAE2D /* DANetworkingTests */ = {
			isa = PBXGroup;
			children = (
				3AA396B31AF8B7AD002FAE2D /* DANetworkingTests.swift */,
				3AA396C41AF8C6A1002FAE2D /* ServiceTests.swift */,
				3AA396B11AF8B7AD002FAE2D /* Supporting Files */,
			);
			path = DANetworkingTests;
			sourceTree = "<group>";
		};
		3AA396B11AF8B7AD002FAE2D /* Supporting Files */ = {
			isa = PBXGroup;
			children = (
				3AA396B21AF8B7AD002FAE2D /* Info.plist */,
			);
			name = "Supporting Files";
			sourceTree = "<group>";
		};
		3AA396BD1AF8B897002FAE2D /* Model */ = {
			isa = PBXGroup;
			children = (
				3AA396CA1AF8D7EE002FAE2D /* Object */,
				3AA396C91AF8D7D5002FAE2D /* Service */,
			);
			name = Model;
			sourceTree = "<group>";
		};
		3AA396C91AF8D7D5002FAE2D /* Service */ = {
			isa = PBXGroup;
			children = (
				3AA396BE1AF8B8AA002FAE2D /* Service.swift */,
				3AA396C01AF8B8E4002FAE2D /* ServiceConstants.swift */,
				3AA396C21AF8BEF9002FAE2D /* ServiceConvenience.swift */,
			);
			name = Service;
			sourceTree = "<group>";
		};
		3AA396CA1AF8D7EE002FAE2D /* Object */ = {
			isa = PBXGroup;
			children = (
				3AA396CB1AF8D807002FAE2D /* User.swift */,
				3AA396CE1AF8E928002FAE2D /* Room.swift */,
			);
			name = Object;
			sourceTree = "<group>";
		};
		3AA396D11AF8ED12002FAE2D /* Controller */ = {
			isa = PBXGroup;
			children = (
				3AA396D41AF8ED48002FAE2D /* LoginViewController.swift */,
				3AA396DA1AF92385002FAE2D /* GroupViewController.swift */,
				3AA396DE1AF92E43002FAE2D /* RoomViewController.swift */,
				3AA396DC1AF923C4002FAE2D /* UIViewControllerTransitions.swift */,
			);
			name = Controller;
			sourceTree = "<group>";
		};
/* End PBXGroup section */

/* Begin PBXNativeTarget section */
		3AA396971AF8B7AD002FAE2D /* DANetworking */ = {
			isa = PBXNativeTarget;
			buildConfigurationList = 3AA396B71AF8B7AD002FAE2D /* Build configuration list for PBXNativeTarget "DANetworking" */;
			buildPhases = (
				3AA396941AF8B7AD002FAE2D /* Sources */,
				3AA396951AF8B7AD002FAE2D /* Frameworks */,
				3AA396961AF8B7AD002FAE2D /* Resources */,
			);
			buildRules = (
			);
			dependencies = (
			);
			name = DANetworking;
			productName = DANetworking;
			productReference = 3AA396981AF8B7AD002FAE2D /* DANetworking.app */;
			productType = "com.apple.product-type.application";
		};
		3AA396AC1AF8B7AD002FAE2D /* DANetworkingTests */ = {
			isa = PBXNativeTarget;
			buildConfigurationList = 3AA396BA1AF8B7AD002FAE2D /* Build configuration list for PBXNativeTarget "DANetworkingTests" */;
			buildPhases = (
				3AA396A91AF8B7AD002FAE2D /* Sources */,
				3AA396AA1AF8B7AD002FAE2D /* Frameworks */,
				3AA396AB1AF8B7AD002FAE2D /* Resources */,
			);
			buildRules = (
			);
			dependencies = (
				3AA396AF1AF8B7AD002FAE2D /* PBXTargetDependency */,
			);
			name = DANetworkingTests;
			productName = DANetworkingTests;
			productReference = 3AA396AD1AF8B7AD002FAE2D /* DANetworkingTests.xctest */;
			productType = "com.apple.product-type.bundle.unit-test";
		};
/* End PBXNativeTarget section */

/* Begin PBXProject section */
		3AA396901AF8B7AD002FAE2D /* Project object */ = {
			isa = PBXProject;
			attributes = {
				LastUpgradeCheck = 0630;
				ORGANIZATIONNAME = "Diomidis Papas";
				TargetAttributes = {
					3AA396971AF8B7AD002FAE2D = {
						CreatedOnToolsVersion = 6.3.1;
					};
					3AA396AC1AF8B7AD002FAE2D = {
						CreatedOnToolsVersion = 6.3.1;
						TestTargetID = 3AA396971AF8B7AD002FAE2D;
					};
				};
			};
			buildConfigurationList = 3AA396931AF8B7AD002FAE2D /* Build configuration list for PBXProject "DANetworking" */;
			compatibilityVersion = "Xcode 3.2";
			developmentRegion = English;
			hasScannedForEncodings = 0;
			knownRegions = (
				en,
				Base,
			);
			mainGroup = 3AA3968F1AF8B7AD002FAE2D;
			productRefGroup = 3AA396991AF8B7AD002FAE2D /* Products */;
			projectDirPath = "";
			projectRoot = "";
			targets = (
				3AA396971AF8B7AD002FAE2D /* DANetworking */,
				3AA396AC1AF8B7AD002FAE2D /* DANetworkingTests */,
			);
		};
/* End PBXProject section */

/* Begin PBXResourcesBuildPhase section */
		3AA396961AF8B7AD002FAE2D /* Resources */ = {
			isa = PBXResourcesBuildPhase;
			buildActionMask = 2147483647;
			files = (
				3AA396A31AF8B7AD002FAE2D /* Main.storyboard in Resources */,
				3AA396A81AF8B7AD002FAE2D /* LaunchScreen.xib in Resources */,
				3AA396A51AF8B7AD002FAE2D /* Images.xcassets in Resources */,
			);
			runOnlyForDeploymentPostprocessing = 0;
		};
		3AA396AB1AF8B7AD002FAE2D /* Resources */ = {
			isa = PBXResourcesBuildPhase;
			buildActionMask = 2147483647;
			files = (
			);
			runOnlyForDeploymentPostprocessing = 0;
		};
/* End PBXResourcesBuildPhase section */

/* Begin PBXSourcesBuildPhase section */
		3AA396941AF8B7AD002FAE2D /* Sources */ = {
			isa = PBXSourcesBuildPhase;
			buildActionMask = 2147483647;
			files = (
				3AA396DB1AF92385002FAE2D /* GroupViewController.swift in Sources */,
				3AA396D51AF8ED48002FAE2D /* LoginViewController.swift in Sources */,
				3AA396C31AF8BEF9002FAE2D /* ServiceConvenience.swift in Sources */,
				3AA396DF1AF92E43002FAE2D /* RoomViewController.swift in Sources */,
				3AA396CF1AF8E928002FAE2D /* Room.swift in Sources */,
				3AA396CC1AF8D807002FAE2D /* User.swift in Sources */,
				3AA3969E1AF8B7AD002FAE2D /* AppDelegate.swift in Sources */,
				3AA396BF1AF8B8AA002FAE2D /* Service.swift in Sources */,
				3AA396DD1AF923C4002FAE2D /* UIViewControllerTransitions.swift in Sources */,
				3AA396C11AF8B8E4002FAE2D /* ServiceConstants.swift in Sources */,
			);
			runOnlyForDeploymentPostprocessing = 0;
		};
		3AA396A91AF8B7AD002FAE2D /* Sources */ = {
			isa = PBXSourcesBuildPhase;
			buildActionMask = 2147483647;
			files = (
				3AA396B41AF8B7AD002FAE2D /* DANetworkingTests.swift in Sources */,
				3AA396C81AF8C6BF002FAE2D /* ServiceConvenience.swift in Sources */,
				3AA396D01AF8EA43002FAE2D /* Room.swift in Sources */,
				3AA396CD1AF8DAE8002FAE2D /* User.swift in Sources */,
				3AA396C51AF8C6A1002FAE2D /* ServiceTests.swift in Sources */,
				3AA396C61AF8C6B9002FAE2D /* Service.swift in Sources */,
				3AA396C71AF8C6BB002FAE2D /* ServiceConstants.swift in Sources */,
			);
			runOnlyForDeploymentPostprocessing = 0;
		};
/* End PBXSourcesBuildPhase section */

/* Begin PBXTargetDependency section */
		3AA396AF1AF8B7AD002FAE2D /* PBXTargetDependency */ = {
			isa = PBXTargetDependency;
			target = 3AA396971AF8B7AD002FAE2D /* DANetworking */;
			targetProxy = 3AA396AE1AF8B7AD002FAE2D /* PBXContainerItemProxy */;
		};
/* End PBXTargetDependency section */

/* Begin PBXVariantGroup section */
		3AA396A11AF8B7AD002FAE2D /* Main.storyboard */ = {
			isa = PBXVariantGroup;
			children = (
				3AA396A21AF8B7AD002FAE2D /* Base */,
			);
			name = Main.storyboard;
			sourceTree = "<group>";
		};
		3AA396A61AF8B7AD002FAE2D /* LaunchScreen.xib */ = {
			isa = PBXVariantGroup;
			children = (
				3AA396A71AF8B7AD002FAE2D /* Base */,
			);
			name = LaunchScreen.xib;
			sourceTree = "<group>";
		};
/* End PBXVariantGroup section */

/* Begin XCBuildConfiguration section */
		3AA396B51AF8B7AD002FAE2D /* Debug */ = {
			isa = XCBuildConfiguration;
			buildSettings = {
				ALWAYS_SEARCH_USER_PATHS = NO;
				CLANG_CXX_LANGUAGE_STANDARD = "gnu++0x";
				CLANG_CXX_LIBRARY = "libc++";
				CLANG_ENABLE_MODULES = YES;
				CLANG_ENABLE_OBJC_ARC = YES;
				CLANG_WARN_BOOL_CONVERSION = YES;
				CLANG_WARN_CONSTANT_CONVERSION = YES;
				CLANG_WARN_DIRECT_OBJC_ISA_USAGE = YES_ERROR;
				CLANG_WARN_EMPTY_BODY = YES;
				CLANG_WARN_ENUM_CONVERSION = YES;
				CLANG_WARN_INT_CONVERSION = YES;
				CLANG_WARN_OBJC_ROOT_CLASS = YES_ERROR;
				CLANG_WARN_UNREACHABLE_CODE = YES;
				CLANG_WARN__DUPLICATE_METHOD_MATCH = YES;
				"CODE_SIGN_IDENTITY[sdk=iphoneos*]" = "iPhone Developer";
				COPY_PHASE_STRIP = NO;
				DEBUG_INFORMATION_FORMAT = "dwarf-with-dsym";
				ENABLE_STRICT_OBJC_MSGSEND = YES;
				GCC_C_LANGUAGE_STANDARD = gnu99;
				GCC_DYNAMIC_NO_PIC = NO;
				GCC_NO_COMMON_BLOCKS = YES;
				GCC_OPTIMIZATION_LEVEL = 0;
				GCC_PREPROCESSOR_DEFINITIONS = (
					"DEBUG=1",
					"$(inherited)",
				);
				GCC_SYMBOLS_PRIVATE_EXTERN = NO;
				GCC_WARN_64_TO_32_BIT_CONVERSION = YES;
				GCC_WARN_ABOUT_RETURN_TYPE = YES_ERROR;
				GCC_WARN_UNDECLARED_SELECTOR = YES;
				GCC_WARN_UNINITIALIZED_AUTOS = YES_AGGRESSIVE;
				GCC_WARN_UNUSED_FUNCTION = YES;
				GCC_WARN_UNUSED_VARIABLE = YES;
				IPHONEOS_DEPLOYMENT_TARGET = 8.3;
				MTL_ENABLE_DEBUG_INFO = YES;
				ONLY_ACTIVE_ARCH = YES;
				SDKROOT = iphoneos;
				SWIFT_OPTIMIZATION_LEVEL = "-Onone";
				TARGETED_DEVICE_FAMILY = "1,2";
			};
			name = Debug;
		};
		3AA396B61AF8B7AD002FAE2D /* Release */ = {
			isa = XCBuildConfiguration;
			buildSettings = {
				ALWAYS_SEARCH_USER_PATHS = NO;
				CLANG_CXX_LANGUAGE_STANDARD = "gnu++0x";
				CLANG_CXX_LIBRARY = "libc++";
				CLANG_ENABLE_MODULES = YES;
				CLANG_ENABLE_OBJC_ARC = YES;
				CLANG_WARN_BOOL_CONVERSION = YES;
				CLANG_WARN_CONSTANT_CONVERSION = YES;
				CLANG_WARN_DIRECT_OBJC_ISA_USAGE = YES_ERROR;
				CLANG_WARN_EMPTY_BODY = YES;
				CLANG_WARN_ENUM_CONVERSION = YES;
				CLANG_WARN_INT_CONVERSION = YES;
				CLANG_WARN_OBJC_ROOT_CLASS = YES_ERROR;
				CLANG_WARN_UNREACHABLE_CODE = YES;
				CLANG_WARN__DUPLICATE_METHOD_MATCH = YES;
				"CODE_SIGN_IDENTITY[sdk=iphoneos*]" = "iPhone Developer";
				COPY_PHASE_STRIP = NO;
				DEBUG_INFORMATION_FORMAT = "dwarf-with-dsym";
				ENABLE_NS_ASSERTIONS = NO;
				ENABLE_STRICT_OBJC_MSGSEND = YES;
				GCC_C_LANGUAGE_STANDARD = gnu99;
				GCC_NO_COMMON_BLOCKS = YES;
				GCC_WARN_64_TO_32_BIT_CONVERSION = YES;
				GCC_WARN_ABOUT_RETURN_TYPE = YES_ERROR;
				GCC_WARN_UNDECLARED_SELECTOR = YES;
				GCC_WARN_UNINITIALIZED_AUTOS = YES_AGGRESSIVE;
				GCC_WARN_UNUSED_FUNCTION = YES;
				GCC_WARN_UNUSED_VARIABLE = YES;
				IPHONEOS_DEPLOYMENT_TARGET = 8.3;
				MTL_ENABLE_DEBUG_INFO = NO;
				SDKROOT = iphoneos;
				TARGETED_DEVICE_FAMILY = "1,2";
				VALIDATE_PRODUCT = YES;
			};
			name = Release;
		};
		3AA396B81AF8B7AD002FAE2D /* Debug */ = {
			isa = XCBuildConfiguration;
			buildSettings = {
				ASSETCATALOG_COMPILER_APPICON_NAME = AppIcon;
				INFOPLIST_FILE = DANetworking/Info.plist;
				LD_RUNPATH_SEARCH_PATHS = "$(inherited) @executable_path/Frameworks";
				PRODUCT_NAME = "$(TARGET_NAME)";
			};
			name = Debug;
		};
		3AA396B91AF8B7AD002FAE2D /* Release */ = {
			isa = XCBuildConfiguration;
			buildSettings = {
				ASSETCATALOG_COMPILER_APPICON_NAME = AppIcon;
				INFOPLIST_FILE = DANetworking/Info.plist;
				LD_RUNPATH_SEARCH_PATHS = "$(inherited) @executable_path/Frameworks";
				PRODUCT_NAME = "$(TARGET_NAME)";
			};
			name = Release;
		};
		3AA396BB1AF8B7AD002FAE2D /* Debug */ = {
			isa = XCBuildConfiguration;
			buildSettings = {
				BUNDLE_LOADER = "$(TEST_HOST)";
				FRAMEWORK_SEARCH_PATHS = (
					"$(SDKROOT)/Developer/Library/Frameworks",
					"$(inherited)",
				);
				GCC_PREPROCESSOR_DEFINITIONS = (
					"DEBUG=1",
					"$(inherited)",
				);
				INFOPLIST_FILE = DANetworkingTests/Info.plist;
				LD_RUNPATH_SEARCH_PATHS = "$(inherited) @executable_path/Frameworks @loader_path/Frameworks";
				PRODUCT_NAME = "$(TARGET_NAME)";
				TEST_HOST = "$(BUILT_PRODUCTS_DIR)/DANetworking.app/DANetworking";
			};
			name = Debug;
		};
		3AA396BC1AF8B7AD002FAE2D /* Release */ = {
			isa = XCBuildConfiguration;
			buildSettings = {
				BUNDLE_LOADER = "$(TEST_HOST)";
				FRAMEWORK_SEARCH_PATHS = (
					"$(SDKROOT)/Developer/Library/Frameworks",
					"$(inherited)",
				);
				INFOPLIST_FILE = DANetworkingTests/Info.plist;
				LD_RUNPATH_SEARCH_PATHS = "$(inherited) @executable_path/Frameworks @loader_path/Frameworks";
				PRODUCT_NAME = "$(TARGET_NAME)";
				TEST_HOST = "$(BUILT_PRODUCTS_DIR)/DANetworking.app/DANetworking";
			};
			name = Release;
		};
/* End XCBuildConfiguration section */

/* Begin XCConfigurationList section */
		3AA396931AF8B7AD002FAE2D /* Build configuration list for PBXProject "DANetworking" */ = {
			isa = XCConfigurationList;
			buildConfigurations = (
				3AA396B51AF8B7AD002FAE2D /* Debug */,
				3AA396B61AF8B7AD002FAE2D /* Release */,
			);
			defaultConfigurationIsVisible = 0;
			defaultConfigurationName = Release;
		};
		3AA396B71AF8B7AD002FAE2D /* Build configuration list for PBXNativeTarget "DANetworking" */ = {
			isa = XCConfigurationList;
			buildConfigurations = (
				3AA396B81AF8B7AD002FAE2D /* Debug */,
				3AA396B91AF8B7AD002FAE2D /* Release */,
			);
			defaultConfigurationIsVisible = 0;
		};
		3AA396BA1AF8B7AD002FAE2D /* Build configuration list for PBXNativeTarget "DANetworkingTests" */ = {
			isa = XCConfigurationList;
			buildConfigurations = (
				3AA396BB1AF8B7AD002FAE2D /* Debug */,
				3AA396BC1AF8B7AD002FAE2D /* Release */,
			);
			defaultConfigurationIsVisible = 0;
		};
/* End XCConfigurationList section */
	};
	rootObject = 3AA396901AF8B7AD002FAE2D /* Project object */;
}
